gitea.bojanaxievski.duckdns.org/baxievski/leetcode v0.0.0-20200710204014-bbbe8da9706d h1:HhhrBMbyLCm/URlIoLtGKeZpwnIH0u+tlIDAjmLMyNA=
gitea.bojanaxievski.duckdns.org/baxievski/leetcode/go/036_valid_sudoku/validsudoku v0.0.0-20200710204014-bbbe8da9706d h1:FhU+t8PBfvxtjVQNJjILEfWk2XsMMuqqQrfo1NnwTqk=
gitea.bojanaxievski.duckdns.org/baxievski/leetcode/go/036_valid_sudoku/validsudoku v0.0.0-20200710204014-bbbe8da9706d/go.mod h1:87ZwrVB9x4DdGhdhsCA2C948RLLH55xzJuCFmzXt5Mg=
